// !$*UTF8*$!
{
	archiveVersion = 1;
	classes = {
	};
	objectVersion = 46;
	objects = {

/* Begin PBXBuildFile section */
		BC50262F19FA1C540002233A /* UIImage+WhiteImage.m in Sources */ = {isa = PBXBuildFile; fileRef = BC50262E19FA1C540002233A /* UIImage+WhiteImage.m */; };
		BC59D0FC19E6FC14008B6D30 /* TODO in Resources */ = {isa = PBXBuildFile; fileRef = BC59D0FB19E6FC14008B6D30 /* TODO */; };
		BC59D0FE19E6FDD4008B6D30 /* ArticleCollection.swift in Sources */ = {isa = PBXBuildFile; fileRef = BC59D0FD19E6FDD4008B6D30 /* ArticleCollection.swift */; };
		BC59D10019E7862A008B6D30 /* Manager.swift in Sources */ = {isa = PBXBuildFile; fileRef = BC59D0FF19E7862A008B6D30 /* Manager.swift */; };
		BC9B6BB019D1FAD400D0E0D2 /* FeedListVC.swift in Sources */ = {isa = PBXBuildFile; fileRef = BC9B6BAF19D1FAD400D0E0D2 /* FeedListVC.swift */; };
		BCA627C519E4666A00273DC6 /* ArticleListVC.swift in Sources */ = {isa = PBXBuildFile; fileRef = BCA627C419E4666A00273DC6 /* ArticleListVC.swift */; };
		BCA627C819E46E1200273DC6 /* WebKit.framework in Frameworks */ = {isa = PBXBuildFile; fileRef = BCA627C719E46E1200273DC6 /* WebKit.framework */; };
		BCB864A019F9328000AAD5CA /* Extensions.swift in Sources */ = {isa = PBXBuildFile; fileRef = BCB8649F19F9328000AAD5CA /* Extensions.swift */; };
		BCB864A419F9338200AAD5CA /* ArticleListCell.xib in Resources */ = {isa = PBXBuildFile; fileRef = BCB864A319F9338200AAD5CA /* ArticleListCell.xib */; };
		BCB864A619F9339A00AAD5CA /* ArticleListCell.swift in Sources */ = {isa = PBXBuildFile; fileRef = BCB864A519F9339A00AAD5CA /* ArticleListCell.swift */; };
		BCC3475F19CB48E10058823E /* AppDelegate.swift in Sources */ = {isa = PBXBuildFile; fileRef = BCC3475E19CB48E10058823E /* AppDelegate.swift */; };
		BCC3476819CB48E10058823E /* Images.xcassets in Resources */ = {isa = PBXBuildFile; fileRef = BCC3476719CB48E10058823E /* Images.xcassets */; };
		BCC3476B19CB48E10058823E /* LaunchScreen.xib in Resources */ = {isa = PBXBuildFile; fileRef = BCC3476919CB48E10058823E /* LaunchScreen.xib */; };
		BCC3477719CB48E10058823E /* RSSReaderTests.swift in Sources */ = {isa = PBXBuildFile; fileRef = BCC3477619CB48E10058823E /* RSSReaderTests.swift */; };
		BCC3478119CB4A1D0058823E /* Feed.swift in Sources */ = {isa = PBXBuildFile; fileRef = BCC3478019CB4A1D0058823E /* Feed.swift */; };
		BCC3478319CB4BEE0058823E /* FeedGroup.swift in Sources */ = {isa = PBXBuildFile; fileRef = BCC3478219CB4BEE0058823E /* FeedGroup.swift */; };
		BCDE3C0219DA39700018B268 /* Article.swift in Sources */ = {isa = PBXBuildFile; fileRef = BCDE3C0119DA39700018B268 /* Article.swift */; };
		BCE9485119F1D153002FC404 /* news.png in Resources */ = {isa = PBXBuildFile; fileRef = BCE9485019F1D153002FC404 /* news.png */; };
		BCE9485319F1D715002FC404 /* FeedListCell.swift in Sources */ = {isa = PBXBuildFile; fileRef = BCE9485219F1D715002FC404 /* FeedListCell.swift */; };
		BCE9485919F1D9AD002FC404 /* FeedListCell.xib in Resources */ = {isa = PBXBuildFile; fileRef = BCE9485819F1D9AD002FC404 /* FeedListCell.xib */; };
		BCF81BE619D0AA5A009C9092 /* FeedAdderVC.swift in Sources */ = {isa = PBXBuildFile; fileRef = BCF81BE519D0AA5A009C9092 /* FeedAdderVC.swift */; };
		BCFADACA19F9DD7A00F386C9 /* CoreData.framework in Frameworks */ = {isa = PBXBuildFile; fileRef = BCFADAC919F9DD7A00F386C9 /* CoreData.framework */; };
/* End PBXBuildFile section */

/* Begin PBXContainerItemProxy section */
		BCC3477119CB48E10058823E /* PBXContainerItemProxy */ = {
			isa = PBXContainerItemProxy;
			containerPortal = BCC3475119CB48E10058823E /* Project object */;
			proxyType = 1;
			remoteGlobalIDString = BCC3475819CB48E10058823E;
			remoteInfo = RSSReader;
		};
/* End PBXContainerItemProxy section */

/* Begin PBXFileReference section */
		BC50262D19FA1C540002233A /* UIImage+WhiteImage.h */ = {isa = PBXFileReference; fileEncoding = 4; lastKnownFileType = sourcecode.c.h; path = "UIImage+WhiteImage.h"; sourceTree = "<group>"; };
		BC50262E19FA1C540002233A /* UIImage+WhiteImage.m */ = {isa = PBXFileReference; fileEncoding = 4; lastKnownFileType = sourcecode.c.objc; path = "UIImage+WhiteImage.m"; sourceTree = "<group>"; };
		BC59D0FB19E6FC14008B6D30 /* TODO */ = {isa = PBXFileReference; fileEncoding = 4; lastKnownFileType = text; path = TODO; sourceTree = "<group>"; };
		BC59D0FD19E6FDD4008B6D30 /* ArticleCollection.swift */ = {isa = PBXFileReference; fileEncoding = 4; lastKnownFileType = sourcecode.swift; path = ArticleCollection.swift; sourceTree = "<group>"; };
		BC59D0FF19E7862A008B6D30 /* Manager.swift */ = {isa = PBXFileReference; fileEncoding = 4; lastKnownFileType = sourcecode.swift; path = Manager.swift; sourceTree = "<group>"; };
		BC9B6BAF19D1FAD400D0E0D2 /* FeedListVC.swift */ = {isa = PBXFileReference; fileEncoding = 4; lastKnownFileType = sourcecode.swift; path = FeedListVC.swift; sourceTree = "<group>"; };
		BCA627C419E4666A00273DC6 /* ArticleListVC.swift */ = {isa = PBXFileReference; fileEncoding = 4; lastKnownFileType = sourcecode.swift; path = ArticleListVC.swift; sourceTree = "<group>"; };
		BCA627C719E46E1200273DC6 /* WebKit.framework */ = {isa = PBXFileReference; lastKnownFileType = wrapper.framework; name = WebKit.framework; path = System/Library/Frameworks/WebKit.framework; sourceTree = SDKROOT; };
		BCB8649F19F9328000AAD5CA /* Extensions.swift */ = {isa = PBXFileReference; fileEncoding = 4; lastKnownFileType = sourcecode.swift; path = Extensions.swift; sourceTree = "<group>"; };
		BCB864A319F9338200AAD5CA /* ArticleListCell.xib */ = {isa = PBXFileReference; fileEncoding = 4; lastKnownFileType = file.xib; path = ArticleListCell.xib; sourceTree = "<group>"; };
		BCB864A519F9339A00AAD5CA /* ArticleListCell.swift */ = {isa = PBXFileReference; fileEncoding = 4; lastKnownFileType = sourcecode.swift; path = ArticleListCell.swift; sourceTree = "<group>"; };
		BCC3475919CB48E10058823E /* RSSReader.app */ = {isa = PBXFileReference; explicitFileType = wrapper.application; includeInIndex = 0; path = RSSReader.app; sourceTree = BUILT_PRODUCTS_DIR; };
		BCC3475D19CB48E10058823E /* Info.plist */ = {isa = PBXFileReference; lastKnownFileType = text.plist.xml; path = Info.plist; sourceTree = "<group>"; };
		BCC3475E19CB48E10058823E /* AppDelegate.swift */ = {isa = PBXFileReference; lastKnownFileType = sourcecode.swift; path = AppDelegate.swift; sourceTree = "<group>"; };
		BCC3476719CB48E10058823E /* Images.xcassets */ = {isa = PBXFileReference; lastKnownFileType = folder.assetcatalog; path = Images.xcassets; sourceTree = "<group>"; };
		BCC3476A19CB48E10058823E /* Base */ = {isa = PBXFileReference; lastKnownFileType = file.xib; name = Base; path = Base.lproj/LaunchScreen.xib; sourceTree = "<group>"; };
		BCC3477019CB48E10058823E /* RSSReaderTests.xctest */ = {isa = PBXFileReference; explicitFileType = wrapper.cfbundle; includeInIndex = 0; path = RSSReaderTests.xctest; sourceTree = BUILT_PRODUCTS_DIR; };
		BCC3477519CB48E10058823E /* Info.plist */ = {isa = PBXFileReference; lastKnownFileType = text.plist.xml; path = Info.plist; sourceTree = "<group>"; };
		BCC3477619CB48E10058823E /* RSSReaderTests.swift */ = {isa = PBXFileReference; lastKnownFileType = sourcecode.swift; path = RSSReaderTests.swift; sourceTree = "<group>"; };
		BCC3478019CB4A1D0058823E /* Feed.swift */ = {isa = PBXFileReference; fileEncoding = 4; lastKnownFileType = sourcecode.swift; path = Feed.swift; sourceTree = "<group>"; };
		BCC3478219CB4BEE0058823E /* FeedGroup.swift */ = {isa = PBXFileReference; fileEncoding = 4; lastKnownFileType = sourcecode.swift; path = FeedGroup.swift; sourceTree = "<group>"; };
		BCD0FC3F19FA136F004B3DE7 /* RSSReader-Bridging-Header.h */ = {isa = PBXFileReference; lastKnownFileType = sourcecode.c.h; path = "RSSReader-Bridging-Header.h"; sourceTree = "<group>"; };
		BCDE3C0119DA39700018B268 /* Article.swift */ = {isa = PBXFileReference; fileEncoding = 4; lastKnownFileType = sourcecode.swift; path = Article.swift; sourceTree = "<group>"; };
		BCE9485019F1D153002FC404 /* news.png */ = {isa = PBXFileReference; lastKnownFileType = image.png; name = news.png; path = ../../../Downloads/news.png; sourceTree = "<group>"; };
		BCE9485219F1D715002FC404 /* FeedListCell.swift */ = {isa = PBXFileReference; fileEncoding = 4; lastKnownFileType = sourcecode.swift; path = FeedListCell.swift; sourceTree = "<group>"; };
		BCE9485819F1D9AD002FC404 /* FeedListCell.xib */ = {isa = PBXFileReference; fileEncoding = 4; lastKnownFileType = file.xib; path = FeedListCell.xib; sourceTree = "<group>"; };
		BCF81BE519D0AA5A009C9092 /* FeedAdderVC.swift */ = {isa = PBXFileReference; fileEncoding = 4; lastKnownFileType = sourcecode.swift; path = FeedAdderVC.swift; sourceTree = "<group>"; };
		BCFADAC919F9DD7A00F386C9 /* CoreData.framework */ = {isa = PBXFileReference; lastKnownFileType = wrapper.framework; name = CoreData.framework; path = System/Library/Frameworks/CoreData.framework; sourceTree = SDKROOT; };
/* End PBXFileReference section */

/* Begin PBXFrameworksBuildPhase section */
		BCC3475619CB48E10058823E /* Frameworks */ = {
			isa = PBXFrameworksBuildPhase;
			buildActionMask = 2147483647;
			files = (
				BCFADACA19F9DD7A00F386C9 /* CoreData.framework in Frameworks */,
				BCA627C819E46E1200273DC6 /* WebKit.framework in Frameworks */,
			);
			runOnlyForDeploymentPostprocessing = 0;
		};
		BCC3476D19CB48E10058823E /* Frameworks */ = {
			isa = PBXFrameworksBuildPhase;
			buildActionMask = 2147483647;
			files = (
			);
			runOnlyForDeploymentPostprocessing = 0;
		};
/* End PBXFrameworksBuildPhase section */

/* Begin PBXGroup section */
		BCA627C619E4667400273DC6 /* Interface */ = {
			isa = PBXGroup;
			children = (
				BCB864A119F9335000AAD5CA /* Feed list */,
				BCF81BE519D0AA5A009C9092 /* FeedAdderVC.swift */,
				BCB864A219F9336900AAD5CA /* Article list */,
				BCC3476919CB48E10058823E /* LaunchScreen.xib */,
			);
			name = Interface;
			sourceTree = "<group>";
		};
		BCB864A119F9335000AAD5CA /* Feed list */ = {
			isa = PBXGroup;
			children = (
				BC9B6BAF19D1FAD400D0E0D2 /* FeedListVC.swift */,
				BCE9485219F1D715002FC404 /* FeedListCell.swift */,
				BCE9485819F1D9AD002FC404 /* FeedListCell.xib */,
			);
			name = "Feed list";
			sourceTree = "<group>";
		};
		BCB864A219F9336900AAD5CA /* Article list */ = {
			isa = PBXGroup;
			children = (
				BCA627C419E4666A00273DC6 /* ArticleListVC.swift */,
				BCB864A519F9339A00AAD5CA /* ArticleListCell.swift */,
				BCB864A319F9338200AAD5CA /* ArticleListCell.xib */,
			);
			name = "Article list";
			sourceTree = "<group>";
		};
		BCC3475019CB48E10058823E = {
			isa = PBXGroup;
			children = (
				BCC3475B19CB48E10058823E /* RSSReader */,
				BCC3477319CB48E10058823E /* RSSReaderTests */,
				BCC3475A19CB48E10058823E /* Products */,
			);
			sourceTree = "<group>";
		};
		BCC3475A19CB48E10058823E /* Products */ = {
			isa = PBXGroup;
			children = (
				BCC3475919CB48E10058823E /* RSSReader.app */,
				BCC3477019CB48E10058823E /* RSSReaderTests.xctest */,
			);
			name = Products;
			sourceTree = "<group>";
		};
		BCC3475B19CB48E10058823E /* RSSReader */ = {
			isa = PBXGroup;
			children = (
				BCC3475E19CB48E10058823E /* AppDelegate.swift */,
				BCB8649F19F9328000AAD5CA /* Extensions.swift */,
				BCD6591319DA4BEC00D6176A /* RSS objects */,
				BCA627C619E4667400273DC6 /* Interface */,
				BCC3476719CB48E10058823E /* Images.xcassets */,
				BCE9485019F1D153002FC404 /* news.png */,
				BCD0FC4319FA1377004B3DE7 /* Objective-C */,
				BCC3475C19CB48E10058823E /* Supporting Files */,
				BC59D0FB19E6FC14008B6D30 /* TODO */,
				BCD0FC3F19FA136F004B3DE7 /* RSSReader-Bridging-Header.h */,
			);
			path = RSSReader;
			sourceTree = "<group>";
		};
		BCC3475C19CB48E10058823E /* Supporting Files */ = {
			isa = PBXGroup;
			children = (
				BCFADAC919F9DD7A00F386C9 /* CoreData.framework */,
				BCA627C719E46E1200273DC6 /* WebKit.framework */,
				BCC3475D19CB48E10058823E /* Info.plist */,
			);
			name = "Supporting Files";
			sourceTree = "<group>";
		};
		BCC3477319CB48E10058823E /* RSSReaderTests */ = {
			isa = PBXGroup;
			children = (
				BCC3477619CB48E10058823E /* RSSReaderTests.swift */,
				BCC3477419CB48E10058823E /* Supporting Files */,
			);
			path = RSSReaderTests;
			sourceTree = "<group>";
		};
		BCC3477419CB48E10058823E /* Supporting Files */ = {
			isa = PBXGroup;
			children = (
				BCC3477519CB48E10058823E /* Info.plist */,
			);
			name = "Supporting Files";
			sourceTree = "<group>";
		};
		BCD0FC4319FA1377004B3DE7 /* Objective-C */ = {
			isa = PBXGroup;
			children = (
				BC50262D19FA1C540002233A /* UIImage+WhiteImage.h */,
				BC50262E19FA1C540002233A /* UIImage+WhiteImage.m */,
			);
			name = "Objective-C";
			sourceTree = "<group>";
		};
		BCD6591319DA4BEC00D6176A /* RSS objects */ = {
			isa = PBXGroup;
			children = (
				BC59D0FF19E7862A008B6D30 /* Manager.swift */,
				BCC3478219CB4BEE0058823E /* FeedGroup.swift */,
				BCC3478019CB4A1D0058823E /* Feed.swift */,
				BCDE3C0119DA39700018B268 /* Article.swift */,
				BC59D0FD19E6FDD4008B6D30 /* ArticleCollection.swift */,
			);
			name = "RSS objects";
			sourceTree = "<group>";
		};
/* End PBXGroup section */

/* Begin PBXNativeTarget section */
		BCC3475819CB48E10058823E /* RSSReader */ = {
			isa = PBXNativeTarget;
			buildConfigurationList = BCC3477A19CB48E10058823E /* Build configuration list for PBXNativeTarget "RSSReader" */;
			buildPhases = (
				BCC3475519CB48E10058823E /* Sources */,
				BCC3475619CB48E10058823E /* Frameworks */,
				BCC3475719CB48E10058823E /* Resources */,
			);
			buildRules = (
			);
			dependencies = (
			);
			name = RSSReader;
			productName = RSSReader;
			productReference = BCC3475919CB48E10058823E /* RSSReader.app */;
			productType = "com.apple.product-type.application";
		};
		BCC3476F19CB48E10058823E /* RSSReaderTests */ = {
			isa = PBXNativeTarget;
			buildConfigurationList = BCC3477D19CB48E10058823E /* Build configuration list for PBXNativeTarget "RSSReaderTests" */;
			buildPhases = (
				BCC3476C19CB48E10058823E /* Sources */,
				BCC3476D19CB48E10058823E /* Frameworks */,
				BCC3476E19CB48E10058823E /* Resources */,
			);
			buildRules = (
			);
			dependencies = (
				BCC3477219CB48E10058823E /* PBXTargetDependency */,
			);
			name = RSSReaderTests;
			productName = RSSReaderTests;
			productReference = BCC3477019CB48E10058823E /* RSSReaderTests.xctest */;
			productType = "com.apple.product-type.bundle.unit-test";
		};
/* End PBXNativeTarget section */

/* Begin PBXProject section */
		BCC3475119CB48E10058823E /* Project object */ = {
			isa = PBXProject;
			attributes = {
				LastUpgradeCheck = 0610;
				ORGANIZATIONNAME = "Mitchell Cooper";
				TargetAttributes = {
					BCC3475819CB48E10058823E = {
						CreatedOnToolsVersion = 6.1;
					};
					BCC3476F19CB48E10058823E = {
						CreatedOnToolsVersion = 6.1;
						TestTargetID = BCC3475819CB48E10058823E;
					};
				};
			};
			buildConfigurationList = BCC3475419CB48E10058823E /* Build configuration list for PBXProject "RSSReader" */;
			compatibilityVersion = "Xcode 3.2";
			developmentRegion = English;
			hasScannedForEncodings = 0;
			knownRegions = (
				en,
				Base,
			);
			mainGroup = BCC3475019CB48E10058823E;
			productRefGroup = BCC3475A19CB48E10058823E /* Products */;
			projectDirPath = "";
			projectRoot = "";
			targets = (
				BCC3475819CB48E10058823E /* RSSReader */,
				BCC3476F19CB48E10058823E /* RSSReaderTests */,
			);
		};
/* End PBXProject section */

/* Begin PBXResourcesBuildPhase section */
		BCC3475719CB48E10058823E /* Resources */ = {
			isa = PBXResourcesBuildPhase;
			buildActionMask = 2147483647;
			files = (
				BCB864A419F9338200AAD5CA /* ArticleListCell.xib in Resources */,
				BCE9485919F1D9AD002FC404 /* FeedListCell.xib in Resources */,
				BCE9485119F1D153002FC404 /* news.png in Resources */,
				BC59D0FC19E6FC14008B6D30 /* TODO in Resources */,
				BCC3476B19CB48E10058823E /* LaunchScreen.xib in Resources */,
				BCC3476819CB48E10058823E /* Images.xcassets in Resources */,
			);
			runOnlyForDeploymentPostprocessing = 0;
		};
		BCC3476E19CB48E10058823E /* Resources */ = {
			isa = PBXResourcesBuildPhase;
			buildActionMask = 2147483647;
			files = (
			);
			runOnlyForDeploymentPostprocessing = 0;
		};
/* End PBXResourcesBuildPhase section */

/* Begin PBXSourcesBuildPhase section */
		BCC3475519CB48E10058823E /* Sources */ = {
			isa = PBXSourcesBuildPhase;
			buildActionMask = 2147483647;
			files = (
				BCC3478319CB4BEE0058823E /* FeedGroup.swift in Sources */,
				BCC3478119CB4A1D0058823E /* Feed.swift in Sources */,
				BCF81BE619D0AA5A009C9092 /* FeedAdderVC.swift in Sources */,
				BC59D0FE19E6FDD4008B6D30 /* ArticleCollection.swift in Sources */,
				BCB864A619F9339A00AAD5CA /* ArticleListCell.swift in Sources */,
				BCDE3C0219DA39700018B268 /* Article.swift in Sources */,
				BC9B6BB019D1FAD400D0E0D2 /* FeedListVC.swift in Sources */,
				BCA627C519E4666A00273DC6 /* ArticleListVC.swift in Sources */,
				BCE9485319F1D715002FC404 /* FeedListCell.swift in Sources */,
				BC59D10019E7862A008B6D30 /* Manager.swift in Sources */,
				BC50262F19FA1C540002233A /* UIImage+WhiteImage.m in Sources */,
				BCB864A019F9328000AAD5CA /* Extensions.swift in Sources */,
				BCC3475F19CB48E10058823E /* AppDelegate.swift in Sources */,
			);
			runOnlyForDeploymentPostprocessing = 0;
		};
		BCC3476C19CB48E10058823E /* Sources */ = {
			isa = PBXSourcesBuildPhase;
			buildActionMask = 2147483647;
			files = (
				BCC3477719CB48E10058823E /* RSSReaderTests.swift in Sources */,
			);
			runOnlyForDeploymentPostprocessing = 0;
		};
/* End PBXSourcesBuildPhase section */

/* Begin PBXTargetDependency section */
		BCC3477219CB48E10058823E /* PBXTargetDependency */ = {
			isa = PBXTargetDependency;
			target = BCC3475819CB48E10058823E /* RSSReader */;
			targetProxy = BCC3477119CB48E10058823E /* PBXContainerItemProxy */;
		};
/* End PBXTargetDependency section */

/* Begin PBXVariantGroup section */
		BCC3476919CB48E10058823E /* LaunchScreen.xib */ = {
			isa = PBXVariantGroup;
			children = (
				BCC3476A19CB48E10058823E /* Base */,
			);
			name = LaunchScreen.xib;
			sourceTree = "<group>";
		};
/* End PBXVariantGroup section */

/* Begin XCBuildConfiguration section */
		BCC3477819CB48E10058823E /* Debug */ = {
			isa = XCBuildConfiguration;
			buildSettings = {
				ALWAYS_SEARCH_USER_PATHS = NO;
				CLANG_CXX_LANGUAGE_STANDARD = "gnu++0x";
				CLANG_CXX_LIBRARY = "libc++";
				CLANG_ENABLE_MODULES = YES;
				CLANG_ENABLE_OBJC_ARC = YES;
				CLANG_WARN_BOOL_CONVERSION = YES;
				CLANG_WARN_CONSTANT_CONVERSION = YES;
				CLANG_WARN_DIRECT_OBJC_ISA_USAGE = YES_ERROR;
				CLANG_WARN_EMPTY_BODY = YES;
				CLANG_WARN_ENUM_CONVERSION = YES;
				CLANG_WARN_INT_CONVERSION = YES;
				CLANG_WARN_OBJC_ROOT_CLASS = YES_ERROR;
				CLANG_WARN_UNREACHABLE_CODE = YES;
				CLANG_WARN__DUPLICATE_METHOD_MATCH = YES;
				"CODE_SIGN_IDENTITY[sdk=iphoneos*]" = "iPhone Developer";
				COPY_PHASE_STRIP = NO;
				ENABLE_STRICT_OBJC_MSGSEND = YES;
				GCC_C_LANGUAGE_STANDARD = gnu99;
				GCC_DYNAMIC_NO_PIC = NO;
				GCC_OPTIMIZATION_LEVEL = 0;
				GCC_PREPROCESSOR_DEFINITIONS = (
					"DEBUG=1",
					"$(inherited)",
				);
				GCC_SYMBOLS_PRIVATE_EXTERN = NO;
				GCC_WARN_64_TO_32_BIT_CONVERSION = YES;
				GCC_WARN_ABOUT_RETURN_TYPE = YES_ERROR;
				GCC_WARN_UNDECLARED_SELECTOR = YES;
				GCC_WARN_UNINITIALIZED_AUTOS = YES_AGGRESSIVE;
				GCC_WARN_UNUSED_FUNCTION = YES;
				GCC_WARN_UNUSED_VARIABLE = YES;
				IPHONEOS_DEPLOYMENT_TARGET = 8.0;
				MTL_ENABLE_DEBUG_INFO = YES;
				ONLY_ACTIVE_ARCH = YES;
				SDKROOT = iphoneos;
				SWIFT_OPTIMIZATION_LEVEL = "-Onone";
				TARGETED_DEVICE_FAMILY = "1,2";
			};
			name = Debug;
		};
		BCC3477919CB48E10058823E /* Release */ = {
			isa = XCBuildConfiguration;
			buildSettings = {
				ALWAYS_SEARCH_USER_PATHS = NO;
				CLANG_CXX_LANGUAGE_STANDARD = "gnu++0x";
				CLANG_CXX_LIBRARY = "libc++";
				CLANG_ENABLE_MODULES = YES;
				CLANG_ENABLE_OBJC_ARC = YES;
				CLANG_WARN_BOOL_CONVERSION = YES;
				CLANG_WARN_CONSTANT_CONVERSION = YES;
				CLANG_WARN_DIRECT_OBJC_ISA_USAGE = YES_ERROR;
				CLANG_WARN_EMPTY_BODY = YES;
				CLANG_WARN_ENUM_CONVERSION = YES;
				CLANG_WARN_INT_CONVERSION = YES;
				CLANG_WARN_OBJC_ROOT_CLASS = YES_ERROR;
				CLANG_WARN_UNREACHABLE_CODE = YES;
				CLANG_WARN__DUPLICATE_METHOD_MATCH = YES;
				"CODE_SIGN_IDENTITY[sdk=iphoneos*]" = "iPhone Developer";
				COPY_PHASE_STRIP = YES;
				ENABLE_NS_ASSERTIONS = NO;
				ENABLE_STRICT_OBJC_MSGSEND = YES;
				GCC_C_LANGUAGE_STANDARD = gnu99;
				GCC_WARN_64_TO_32_BIT_CONVERSION = YES;
				GCC_WARN_ABOUT_RETURN_TYPE = YES_ERROR;
				GCC_WARN_UNDECLARED_SELECTOR = YES;
				GCC_WARN_UNINITIALIZED_AUTOS = YES_AGGRESSIVE;
				GCC_WARN_UNUSED_FUNCTION = YES;
				GCC_WARN_UNUSED_VARIABLE = YES;
				IPHONEOS_DEPLOYMENT_TARGET = 8.0;
				MTL_ENABLE_DEBUG_INFO = NO;
				SDKROOT = iphoneos;
				TARGETED_DEVICE_FAMILY = "1,2";
				VALIDATE_PRODUCT = YES;
			};
			name = Release;
		};
		BCC3477B19CB48E10058823E /* Debug */ = {
			isa = XCBuildConfiguration;
			buildSettings = {
				ASSETCATALOG_COMPILER_APPICON_NAME = AppIcon;
				CLANG_ENABLE_MODULES = YES;
				INFOPLIST_FILE = RSSReader/Info.plist;
				LD_RUNPATH_SEARCH_PATHS = "$(inherited) @executable_path/Frameworks";
				PRODUCT_NAME = "$(TARGET_NAME)";
				SWIFT_INSTALL_OBJC_HEADER = NO;
				SWIFT_OBJC_BRIDGING_HEADER = "RSSReader/RSSReader-Bridging-Header.h";
				SWIFT_OPTIMIZATION_LEVEL = "-Onone";
			};
			name = Debug;
		};
		BCC3477C19CB48E10058823E /* Release */ = {
			isa = XCBuildConfiguration;
			buildSettings = {
				ASSETCATALOG_COMPILER_APPICON_NAME = AppIcon;
				CLANG_ENABLE_MODULES = YES;
				INFOPLIST_FILE = RSSReader/Info.plist;
				LD_RUNPATH_SEARCH_PATHS = "$(inherited) @executable_path/Frameworks";
				PRODUCT_NAME = "$(TARGET_NAME)";
				SWIFT_INSTALL_OBJC_HEADER = NO;
				SWIFT_OBJC_BRIDGING_HEADER = "RSSReader/RSSReader-Bridging-Header.h";
			};
			name = Release;
		};
		BCC3477E19CB48E10058823E /* Debug */ = {
			isa = XCBuildConfiguration;
			buildSettings = {
				BUNDLE_LOADER = "$(TEST_HOST)";
				FRAMEWORK_SEARCH_PATHS = (
					"$(SDKROOT)/Developer/Library/Frameworks",
					"$(inherited)",
				);
				GCC_PREPROCESSOR_DEFINITIONS = (
					"DEBUG=1",
					"$(inherited)",
				);
				INFOPLIST_FILE = RSSReaderTests/Info.plist;
				LD_RUNPATH_SEARCH_PATHS = "$(inherited) @executable_path/Frameworks @loader_path/Frameworks";
				PRODUCT_NAME = "$(TARGET_NAME)";
				TEST_HOST = "$(BUILT_PRODUCTS_DIR)/RSSReader.app/RSSReader";
			};
			name = Debug;
		};
		BCC3477F19CB48E10058823E /* Release */ = {
			isa = XCBuildConfiguration;
			buildSettings = {
				BUNDLE_LOADER = "$(TEST_HOST)";
				FRAMEWORK_SEARCH_PATHS = (
					"$(SDKROOT)/Developer/Library/Frameworks",
					"$(inherited)",
				);
				INFOPLIST_FILE = RSSReaderTests/Info.plist;
				LD_RUNPATH_SEARCH_PATHS = "$(inherited) @executable_path/Frameworks @loader_path/Frameworks";
				PRODUCT_NAME = "$(TARGET_NAME)";
				TEST_HOST = "$(BUILT_PRODUCTS_DIR)/RSSReader.app/RSSReader";
			};
			name = Release;
		};
/* End XCBuildConfiguration section */

/* Begin XCConfigurationList section */
		BCC3475419CB48E10058823E /* Build configuration list for PBXProject "RSSReader" */ = {
			isa = XCConfigurationList;
			buildConfigurations = (
				BCC3477819CB48E10058823E /* Debug */,
				BCC3477919CB48E10058823E /* Release */,
			);
			defaultConfigurationIsVisible = 0;
			defaultConfigurationName = Release;
		};
		BCC3477A19CB48E10058823E /* Build configuration list for PBXNativeTarget "RSSReader" */ = {
			isa = XCConfigurationList;
			buildConfigurations = (
				BCC3477B19CB48E10058823E /* Debug */,
				BCC3477C19CB48E10058823E /* Release */,
			);
			defaultConfigurationIsVisible = 0;
			defaultConfigurationName = Release;
		};
		BCC3477D19CB48E10058823E /* Build configuration list for PBXNativeTarget "RSSReaderTests" */ = {
			isa = XCConfigurationList;
			buildConfigurations = (
				BCC3477E19CB48E10058823E /* Debug */,
				BCC3477F19CB48E10058823E /* Release */,
			);
			defaultConfigurationIsVisible = 0;
			defaultConfigurationName = Release;
		};
/* End XCConfigurationList section */
	};
	rootObject = BCC3475119CB48E10058823E /* Project object */;
}
