// !$*UTF8*$!
{
	archiveVersion = 1;
	classes = {
	};
	objectVersion = 46;
	objects = {

/* Begin PBXBuildFile section */
		BC37F30B1A97CA120099AA52 /* GroupEditorVC.swift in Sources */ = {isa = PBXBuildFile; fileRef = BC37F30A1A97CA120099AA52 /* GroupEditorVC.swift */; };
		BC4056CC1A99850E0098EB74 /* MasterSettingsVC.swift in Sources */ = {isa = PBXBuildFile; fileRef = BC4056CB1A99850E0098EB74 /* MasterSettingsVC.swift */; };
		BC4056CF1A9990EE0098EB74 /* PSTAlertController.m in Sources */ = {isa = PBXBuildFile; fileRef = BC4056CE1A9990EE0098EB74 /* PSTAlertController.m */; };
		BC4056D41A9A927E0098EB74 /* WSLHTMLEntities.m in Sources */ = {isa = PBXBuildFile; fileRef = BC4056D21A9A927E0098EB74 /* WSLHTMLEntities.m */; };
		BC4056D81A9A93310098EB74 /* WSLHTMLEntities.lm in Sources */ = {isa = PBXBuildFile; fileRef = BC4056D71A9A93310098EB74 /* WSLHTMLEntities.lm */; };
		BC50262F19FA1C540002233A /* UIImage+WhiteImage.m in Sources */ = {isa = PBXBuildFile; fileRef = BC50262E19FA1C540002233A /* UIImage+WhiteImage.m */; };
		BC59D0FE19E6FDD4008B6D30 /* ArticleCollection.swift in Sources */ = {isa = PBXBuildFile; fileRef = BC59D0FD19E6FDD4008B6D30 /* ArticleCollection.swift */; };
		BC59D10019E7862A008B6D30 /* Manager.swift in Sources */ = {isa = PBXBuildFile; fileRef = BC59D0FF19E7862A008B6D30 /* Manager.swift */; };
		BC7B168F1A8FFFB000228EF1 /* Settings.swift in Sources */ = {isa = PBXBuildFile; fileRef = BC7B168E1A8FFFB000228EF1 /* Settings.swift */; };
		BC7B16911A90024F00228EF1 /* Settings.bundle in Resources */ = {isa = PBXBuildFile; fileRef = BC7B16901A90024F00228EF1 /* Settings.bundle */; };
		BC8F9FA21A08120D004ACE42 /* ArticleWebVC.swift in Sources */ = {isa = PBXBuildFile; fileRef = BC8F9FA01A08120D004ACE42 /* ArticleWebVC.swift */; };
		BC8F9FA31A08120D004ACE42 /* ArticleWebVC.xib in Resources */ = {isa = PBXBuildFile; fileRef = BC8F9FA11A08120D004ACE42 /* ArticleWebVC.xib */; };
		BC9B6BB019D1FAD400D0E0D2 /* FeedListVC.swift in Sources */ = {isa = PBXBuildFile; fileRef = BC9B6BAF19D1FAD400D0E0D2 /* FeedListVC.swift */; };
		BCA440511A7D492E00660BF0 /* Colors.swift in Sources */ = {isa = PBXBuildFile; fileRef = BCA440501A7D492E00660BF0 /* Colors.swift */; };
		BCA440531A7D9D2700660BF0 /* NavigationController.swift in Sources */ = {isa = PBXBuildFile; fileRef = BCA440521A7D9D2700660BF0 /* NavigationController.swift */; };
		BCA627C519E4666A00273DC6 /* ArticleListVC.swift in Sources */ = {isa = PBXBuildFile; fileRef = BCA627C419E4666A00273DC6 /* ArticleListVC.swift */; };
		BCB864A019F9328000AAD5CA /* DateExtension.swift in Sources */ = {isa = PBXBuildFile; fileRef = BCB8649F19F9328000AAD5CA /* DateExtension.swift */; };
		BCB864A419F9338200AAD5CA /* ArticleCell.xib in Resources */ = {isa = PBXBuildFile; fileRef = BCB864A319F9338200AAD5CA /* ArticleCell.xib */; };
		BCB864A619F9339A00AAD5CA /* ArticleCell.swift in Sources */ = {isa = PBXBuildFile; fileRef = BCB864A519F9339A00AAD5CA /* ArticleCell.swift */; };
		BCBE8D091A9B86A500CA9F60 /* licenses.txt in Resources */ = {isa = PBXBuildFile; fileRef = BCBE8D081A9B86A500CA9F60 /* licenses.txt */; };
		BCBE8D0C1A9B8FB000CA9F60 /* LicenseViewerVC.swift in Sources */ = {isa = PBXBuildFile; fileRef = BCBE8D0A1A9B8FB000CA9F60 /* LicenseViewerVC.swift */; };
		BCBE8D0D1A9B8FB000CA9F60 /* LicenseViewerVC.xib in Resources */ = {isa = PBXBuildFile; fileRef = BCBE8D0B1A9B8FB000CA9F60 /* LicenseViewerVC.xib */; };
		BCC3475F19CB48E10058823E /* AppDelegate.swift in Sources */ = {isa = PBXBuildFile; fileRef = BCC3475E19CB48E10058823E /* AppDelegate.swift */; };
		BCC3476819CB48E10058823E /* Images.xcassets in Resources */ = {isa = PBXBuildFile; fileRef = BCC3476719CB48E10058823E /* Images.xcassets */; };
		BCC3476B19CB48E10058823E /* LaunchScreen.xib in Resources */ = {isa = PBXBuildFile; fileRef = BCC3476919CB48E10058823E /* LaunchScreen.xib */; };
		BCC3478119CB4A1D0058823E /* Feed.swift in Sources */ = {isa = PBXBuildFile; fileRef = BCC3478019CB4A1D0058823E /* Feed.swift */; };
		BCC3478319CB4BEE0058823E /* FeedGroup.swift in Sources */ = {isa = PBXBuildFile; fileRef = BCC3478219CB4BEE0058823E /* FeedGroup.swift */; };
		BCCC9F141A2D441100283400 /* UIImageExtension.swift in Sources */ = {isa = PBXBuildFile; fileRef = BCCC9F131A2D441100283400 /* UIImageExtension.swift */; };
		BCCC9F161A2D443400283400 /* StringExtension.swift in Sources */ = {isa = PBXBuildFile; fileRef = BCCC9F151A2D443400283400 /* StringExtension.swift */; };
		BCD1BB371A7E8D10001FF7CE /* InfoCell.swift in Sources */ = {isa = PBXBuildFile; fileRef = BCD1BB351A7E8D10001FF7CE /* InfoCell.swift */; };
		BCD1BB381A7E8D10001FF7CE /* InfoCell.xib in Resources */ = {isa = PBXBuildFile; fileRef = BCD1BB361A7E8D10001FF7CE /* InfoCell.xib */; };
		BCD6DC641A7EAAED00A2AC45 /* GroupCell.xib in Resources */ = {isa = PBXBuildFile; fileRef = BCD6DC631A7EAAED00A2AC45 /* GroupCell.xib */; };
		BCD6DC661A7EAB0900A2AC45 /* GroupCell.swift in Sources */ = {isa = PBXBuildFile; fileRef = BCD6DC651A7EAB0900A2AC45 /* GroupCell.swift */; };
		BCD6DC6D1A7EBA1200A2AC45 /* icons in Resources */ = {isa = PBXBuildFile; fileRef = BCD6DC6C1A7EBA1200A2AC45 /* icons */; };
		BCD7304F1A9C124B00B03DCF /* appicon.png in Resources */ = {isa = PBXBuildFile; fileRef = BCD7304E1A9C124B00B03DCF /* appicon.png */; };
		BCDE3C0219DA39700018B268 /* Article.swift in Sources */ = {isa = PBXBuildFile; fileRef = BCDE3C0119DA39700018B268 /* Article.swift */; };
		BCE6EDAC1A2D3A4100CA4C78 /* XMLParser.swift in Sources */ = {isa = PBXBuildFile; fileRef = BCE6EDAB1A2D3A4100CA4C78 /* XMLParser.swift */; };
		BCE9485319F1D715002FC404 /* FeedCell.swift in Sources */ = {isa = PBXBuildFile; fileRef = BCE9485219F1D715002FC404 /* FeedCell.swift */; };
		BCE9485919F1D9AD002FC404 /* FeedCell.xib in Resources */ = {isa = PBXBuildFile; fileRef = BCE9485819F1D9AD002FC404 /* FeedCell.xib */; };
		BCE9B6CE1A7C18D200D9FCFE /* WebKit.framework in Frameworks */ = {isa = PBXBuildFile; fileRef = BCA627C719E46E1200273DC6 /* WebKit.framework */; };
		BCFFE6621A2E387F000C362D /* FeedDefaultVC.swift in Sources */ = {isa = PBXBuildFile; fileRef = BCFFE6611A2E387F000C362D /* FeedDefaultVC.swift */; };
/* End PBXBuildFile section */

/* Begin PBXFileReference section */
		BC37F30A1A97CA120099AA52 /* GroupEditorVC.swift */ = {isa = PBXFileReference; fileEncoding = 4; lastKnownFileType = sourcecode.swift; path = GroupEditorVC.swift; sourceTree = "<group>"; };
		BC4056CB1A99850E0098EB74 /* MasterSettingsVC.swift */ = {isa = PBXFileReference; fileEncoding = 4; lastKnownFileType = sourcecode.swift; path = MasterSettingsVC.swift; sourceTree = "<group>"; };
		BC4056CD1A9990EE0098EB74 /* PSTAlertController.h */ = {isa = PBXFileReference; fileEncoding = 4; lastKnownFileType = sourcecode.c.h; path = PSTAlertController.h; sourceTree = "<group>"; };
		BC4056CE1A9990EE0098EB74 /* PSTAlertController.m */ = {isa = PBXFileReference; fileEncoding = 4; lastKnownFileType = sourcecode.c.objc; path = PSTAlertController.m; sourceTree = "<group>"; };
		BC4056D21A9A927E0098EB74 /* WSLHTMLEntities.m */ = {isa = PBXFileReference; fileEncoding = 4; lastKnownFileType = sourcecode.c.objc; path = WSLHTMLEntities.m; sourceTree = "<group>"; };
		BC4056D31A9A927E0098EB74 /* WSLHTMLEntityDefinitions.h */ = {isa = PBXFileReference; fileEncoding = 4; lastKnownFileType = sourcecode.c.h; path = WSLHTMLEntityDefinitions.h; sourceTree = "<group>"; };
		BC4056D51A9A92870098EB74 /* WSLHTMLEntities.h */ = {isa = PBXFileReference; lastKnownFileType = sourcecode.c.h; path = WSLHTMLEntities.h; sourceTree = "<group>"; };
		BC4056D71A9A93310098EB74 /* WSLHTMLEntities.lm */ = {isa = PBXFileReference; fileEncoding = 4; lastKnownFileType = sourcecode.lex; path = WSLHTMLEntities.lm; sourceTree = "<group>"; };
		BC50262D19FA1C540002233A /* UIImage+WhiteImage.h */ = {isa = PBXFileReference; fileEncoding = 4; lastKnownFileType = sourcecode.c.h; path = "UIImage+WhiteImage.h"; sourceTree = "<group>"; };
		BC50262E19FA1C540002233A /* UIImage+WhiteImage.m */ = {isa = PBXFileReference; fileEncoding = 4; lastKnownFileType = sourcecode.c.objc; path = "UIImage+WhiteImage.m"; sourceTree = "<group>"; };
		BC59D0FD19E6FDD4008B6D30 /* ArticleCollection.swift */ = {isa = PBXFileReference; fileEncoding = 4; lastKnownFileType = sourcecode.swift; path = ArticleCollection.swift; sourceTree = "<group>"; };
		BC59D0FF19E7862A008B6D30 /* Manager.swift */ = {isa = PBXFileReference; fileEncoding = 4; lastKnownFileType = sourcecode.swift; path = Manager.swift; sourceTree = "<group>"; };
		BC7B168E1A8FFFB000228EF1 /* Settings.swift */ = {isa = PBXFileReference; fileEncoding = 4; lastKnownFileType = sourcecode.swift; path = Settings.swift; sourceTree = "<group>"; };
		BC7B16901A90024F00228EF1 /* Settings.bundle */ = {isa = PBXFileReference; lastKnownFileType = "wrapper.plug-in"; path = Settings.bundle; sourceTree = "<group>"; };
		BC8F9FA01A08120D004ACE42 /* ArticleWebVC.swift */ = {isa = PBXFileReference; fileEncoding = 4; lastKnownFileType = sourcecode.swift; name = ArticleWebVC.swift; path = FeedReader/ArticleWebVC.swift; sourceTree = "<group>"; };
		BC8F9FA11A08120D004ACE42 /* ArticleWebVC.xib */ = {isa = PBXFileReference; fileEncoding = 4; lastKnownFileType = file.xib; name = ArticleWebVC.xib; path = FeedReader/ArticleWebVC.xib; sourceTree = "<group>"; };
		BC9B6BAF19D1FAD400D0E0D2 /* FeedListVC.swift */ = {isa = PBXFileReference; fileEncoding = 4; lastKnownFileType = sourcecode.swift; path = FeedListVC.swift; sourceTree = "<group>"; };
		BCA440501A7D492E00660BF0 /* Colors.swift */ = {isa = PBXFileReference; fileEncoding = 4; lastKnownFileType = sourcecode.swift; path = Colors.swift; sourceTree = "<group>"; };
		BCA440521A7D9D2700660BF0 /* NavigationController.swift */ = {isa = PBXFileReference; fileEncoding = 4; lastKnownFileType = sourcecode.swift; path = NavigationController.swift; sourceTree = "<group>"; };
		BCA627C419E4666A00273DC6 /* ArticleListVC.swift */ = {isa = PBXFileReference; fileEncoding = 4; lastKnownFileType = sourcecode.swift; path = ArticleListVC.swift; sourceTree = "<group>"; };
		BCA627C719E46E1200273DC6 /* WebKit.framework */ = {isa = PBXFileReference; lastKnownFileType = wrapper.framework; name = WebKit.framework; path = System/Library/Frameworks/WebKit.framework; sourceTree = SDKROOT; };
		BCB8649F19F9328000AAD5CA /* DateExtension.swift */ = {isa = PBXFileReference; fileEncoding = 4; lastKnownFileType = sourcecode.swift; path = DateExtension.swift; sourceTree = "<group>"; };
		BCB864A319F9338200AAD5CA /* ArticleCell.xib */ = {isa = PBXFileReference; fileEncoding = 4; lastKnownFileType = file.xib; path = ArticleCell.xib; sourceTree = "<group>"; };
		BCB864A519F9339A00AAD5CA /* ArticleCell.swift */ = {isa = PBXFileReference; fileEncoding = 4; lastKnownFileType = sourcecode.swift; path = ArticleCell.swift; sourceTree = "<group>"; };
		BCBE8D081A9B86A500CA9F60 /* licenses.txt */ = {isa = PBXFileReference; fileEncoding = 4; lastKnownFileType = text; path = licenses.txt; sourceTree = "<group>"; };
		BCBE8D0A1A9B8FB000CA9F60 /* LicenseViewerVC.swift */ = {isa = PBXFileReference; fileEncoding = 4; lastKnownFileType = sourcecode.swift; path = LicenseViewerVC.swift; sourceTree = "<group>"; };
		BCBE8D0B1A9B8FB000CA9F60 /* LicenseViewerVC.xib */ = {isa = PBXFileReference; fileEncoding = 4; lastKnownFileType = file.xib; path = LicenseViewerVC.xib; sourceTree = "<group>"; };
		BCC3475919CB48E10058823E /* FeedReader.app */ = {isa = PBXFileReference; explicitFileType = wrapper.application; includeInIndex = 0; path = FeedReader.app; sourceTree = BUILT_PRODUCTS_DIR; };
		BCC3475D19CB48E10058823E /* Info.plist */ = {isa = PBXFileReference; lastKnownFileType = text.plist.xml; path = Info.plist; sourceTree = "<group>"; };
		BCC3475E19CB48E10058823E /* AppDelegate.swift */ = {isa = PBXFileReference; lastKnownFileType = sourcecode.swift; path = AppDelegate.swift; sourceTree = "<group>"; };
		BCC3476719CB48E10058823E /* Images.xcassets */ = {isa = PBXFileReference; lastKnownFileType = folder.assetcatalog; path = Images.xcassets; sourceTree = "<group>"; };
		BCC3476A19CB48E10058823E /* Base */ = {isa = PBXFileReference; lastKnownFileType = file.xib; name = Base; path = Base.lproj/LaunchScreen.xib; sourceTree = "<group>"; };
		BCC3478019CB4A1D0058823E /* Feed.swift */ = {isa = PBXFileReference; fileEncoding = 4; lastKnownFileType = sourcecode.swift; path = Feed.swift; sourceTree = "<group>"; };
		BCC3478219CB4BEE0058823E /* FeedGroup.swift */ = {isa = PBXFileReference; fileEncoding = 4; lastKnownFileType = sourcecode.swift; path = FeedGroup.swift; sourceTree = "<group>"; };
		BCCC9F131A2D441100283400 /* UIImageExtension.swift */ = {isa = PBXFileReference; fileEncoding = 4; lastKnownFileType = sourcecode.swift; path = UIImageExtension.swift; sourceTree = "<group>"; };
		BCCC9F151A2D443400283400 /* StringExtension.swift */ = {isa = PBXFileReference; fileEncoding = 4; lastKnownFileType = sourcecode.swift; path = StringExtension.swift; sourceTree = "<group>"; };
		BCD0FC3F19FA136F004B3DE7 /* FeedReader-Bridging-Header.h */ = {isa = PBXFileReference; lastKnownFileType = sourcecode.c.h; path = "FeedReader-Bridging-Header.h"; sourceTree = "<group>"; };
		BCD1BB351A7E8D10001FF7CE /* InfoCell.swift */ = {isa = PBXFileReference; fileEncoding = 4; lastKnownFileType = sourcecode.swift; path = InfoCell.swift; sourceTree = "<group>"; };
		BCD1BB361A7E8D10001FF7CE /* InfoCell.xib */ = {isa = PBXFileReference; fileEncoding = 4; lastKnownFileType = file.xib; path = InfoCell.xib; sourceTree = "<group>"; };
		BCD6DC631A7EAAED00A2AC45 /* GroupCell.xib */ = {isa = PBXFileReference; fileEncoding = 4; lastKnownFileType = file.xib; path = GroupCell.xib; sourceTree = "<group>"; };
		BCD6DC651A7EAB0900A2AC45 /* GroupCell.swift */ = {isa = PBXFileReference; fileEncoding = 4; lastKnownFileType = sourcecode.swift; path = GroupCell.swift; sourceTree = "<group>"; };
		BCD6DC6C1A7EBA1200A2AC45 /* icons */ = {isa = PBXFileReference; lastKnownFileType = folder; path = icons; sourceTree = "<group>"; };
		BCD7304E1A9C124B00B03DCF /* appicon.png */ = {isa = PBXFileReference; lastKnownFileType = image.png; path = appicon.png; sourceTree = "<group>"; };
		BCDE3C0119DA39700018B268 /* Article.swift */ = {isa = PBXFileReference; fileEncoding = 4; lastKnownFileType = sourcecode.swift; path = Article.swift; sourceTree = "<group>"; };
		BCE6EDAB1A2D3A4100CA4C78 /* XMLParser.swift */ = {isa = PBXFileReference; fileEncoding = 4; lastKnownFileType = sourcecode.swift; path = XMLParser.swift; sourceTree = "<group>"; };
		BCE9485219F1D715002FC404 /* FeedCell.swift */ = {isa = PBXFileReference; fileEncoding = 4; lastKnownFileType = sourcecode.swift; path = FeedCell.swift; sourceTree = "<group>"; };
		BCE9485819F1D9AD002FC404 /* FeedCell.xib */ = {isa = PBXFileReference; fileEncoding = 4; lastKnownFileType = file.xib; path = FeedCell.xib; sourceTree = "<group>"; };
		BCFFE6611A2E387F000C362D /* FeedDefaultVC.swift */ = {isa = PBXFileReference; fileEncoding = 4; lastKnownFileType = sourcecode.swift; path = FeedDefaultVC.swift; sourceTree = "<group>"; };
/* End PBXFileReference section */

/* Begin PBXFrameworksBuildPhase section */
		BCC3475619CB48E10058823E /* Frameworks */ = {
			isa = PBXFrameworksBuildPhase;
			buildActionMask = 2147483647;
			files = (
				BCE9B6CE1A7C18D200D9FCFE /* WebKit.framework in Frameworks */,
			);
			runOnlyForDeploymentPostprocessing = 0;
		};
/* End PBXFrameworksBuildPhase section */

/* Begin PBXGroup section */
		BC251B231A017CE200BD0156 /* Reusable cells */ = {
			isa = PBXGroup;
			children = (
				BCD6DC681A7EAD1500A2AC45 /* Info */,
				BCD6DC671A7EAD1000A2AC45 /* Groups */,
				BCD1BB321A7E79F7001FF7CE /* Feeds */,
				BCD1BB311A7E75FE001FF7CE /* Articles */,
			);
			name = "Reusable cells";
			sourceTree = "<group>";
		};
		BC4056C91A9983860098EB74 /* Article list */ = {
			isa = PBXGroup;
			children = (
				BCA627C419E4666A00273DC6 /* ArticleListVC.swift */,
			);
			name = "Article list";
			sourceTree = "<group>";
		};
		BC4056CA1A99838B0098EB74 /* Settings */ = {
			isa = PBXGroup;
			children = (
				BC4056CB1A99850E0098EB74 /* MasterSettingsVC.swift */,
				BC37F30A1A97CA120099AA52 /* GroupEditorVC.swift */,
				BCBE8D0A1A9B8FB000CA9F60 /* LicenseViewerVC.swift */,
				BCBE8D0B1A9B8FB000CA9F60 /* LicenseViewerVC.xib */,
			);
			name = Settings;
			sourceTree = "<group>";
		};
		BC4056D01A9990F50098EB74 /* Alert compatibility layer */ = {
			isa = PBXGroup;
			children = (
				BC4056CD1A9990EE0098EB74 /* PSTAlertController.h */,
				BC4056CE1A9990EE0098EB74 /* PSTAlertController.m */,
			);
			name = "Alert compatibility layer";
			sourceTree = "<group>";
		};
		BC4056D61A9A928D0098EB74 /* HTML entity decoder */ = {
			isa = PBXGroup;
			children = (
				BC4056D51A9A92870098EB74 /* WSLHTMLEntities.h */,
				BC4056D21A9A927E0098EB74 /* WSLHTMLEntities.m */,
				BC4056D71A9A93310098EB74 /* WSLHTMLEntities.lm */,
				BC4056D31A9A927E0098EB74 /* WSLHTMLEntityDefinitions.h */,
			);
			name = "HTML entity decoder";
			sourceTree = "<group>";
		};
		BC8F9FA41A084F0F004ACE42 /* Article web view */ = {
			isa = PBXGroup;
			children = (
				BC8F9FA01A08120D004ACE42 /* ArticleWebVC.swift */,
				BC8F9FA11A08120D004ACE42 /* ArticleWebVC.xib */,
			);
			name = "Article web view";
			path = ..;
			sourceTree = "<group>";
		};
		BCA627C619E4667400273DC6 /* Interface */ = {
			isa = PBXGroup;
			children = (
				BCA440501A7D492E00660BF0 /* Colors.swift */,
				BCA440521A7D9D2700660BF0 /* NavigationController.swift */,
				BCB864A119F9335000AAD5CA /* Feed list */,
				BC4056C91A9983860098EB74 /* Article list */,
				BC8F9FA41A084F0F004ACE42 /* Article web view */,
				BC4056CA1A99838B0098EB74 /* Settings */,
				BC251B231A017CE200BD0156 /* Reusable cells */,
				BCD6DC6C1A7EBA1200A2AC45 /* icons */,
				BCC3476919CB48E10058823E /* LaunchScreen.xib */,
			);
			name = Interface;
			sourceTree = "<group>";
		};
		BCB864A119F9335000AAD5CA /* Feed list */ = {
			isa = PBXGroup;
			children = (
				BC9B6BAF19D1FAD400D0E0D2 /* FeedListVC.swift */,
				BCFFE6611A2E387F000C362D /* FeedDefaultVC.swift */,
			);
			name = "Feed list";
			sourceTree = "<group>";
		};
		BCC3475019CB48E10058823E = {
			isa = PBXGroup;
			children = (
				BCC3475B19CB48E10058823E /* FeedReader */,
				BCC3475A19CB48E10058823E /* Products */,
			);
			sourceTree = "<group>";
		};
		BCC3475A19CB48E10058823E /* Products */ = {
			isa = PBXGroup;
			children = (
				BCC3475919CB48E10058823E /* FeedReader.app */,
			);
			name = Products;
			sourceTree = "<group>";
		};
		BCC3475B19CB48E10058823E /* FeedReader */ = {
			isa = PBXGroup;
			children = (
				BCC3475E19CB48E10058823E /* AppDelegate.swift */,
				BCD6591319DA4BEC00D6176A /* RSS */,
				BCA627C619E4667400273DC6 /* Interface */,
				BCC3476719CB48E10058823E /* Images.xcassets */,
				BCCC9F121A2D43FD00283400 /* Extensions */,
				BC7B16901A90024F00228EF1 /* Settings.bundle */,
				BCC3475C19CB48E10058823E /* Supporting Files */,
			);
			path = FeedReader;
			sourceTree = "<group>";
		};
		BCC3475C19CB48E10058823E /* Supporting Files */ = {
			isa = PBXGroup;
			children = (
				BCD7304E1A9C124B00B03DCF /* appicon.png */,
				BCA627C719E46E1200273DC6 /* WebKit.framework */,
				BCC3475D19CB48E10058823E /* Info.plist */,
				BCBE8D081A9B86A500CA9F60 /* licenses.txt */,
			);
			name = "Supporting Files";
			sourceTree = "<group>";
		};
		BCCC9F121A2D43FD00283400 /* Extensions */ = {
			isa = PBXGroup;
			children = (
				BCB8649F19F9328000AAD5CA /* DateExtension.swift */,
				BCCC9F151A2D443400283400 /* StringExtension.swift */,
				BCCC9F131A2D441100283400 /* UIImageExtension.swift */,
				BC50262D19FA1C540002233A /* UIImage+WhiteImage.h */,
				BC50262E19FA1C540002233A /* UIImage+WhiteImage.m */,
				BCD0FC3F19FA136F004B3DE7 /* FeedReader-Bridging-Header.h */,
				BC4056D61A9A928D0098EB74 /* HTML entity decoder */,
				BC4056D01A9990F50098EB74 /* Alert compatibility layer */,
			);
			name = Extensions;
			sourceTree = "<group>";
		};
		BCD1BB311A7E75FE001FF7CE /* Articles */ = {
			isa = PBXGroup;
			children = (
				BCB864A519F9339A00AAD5CA /* ArticleCell.swift */,
				BCB864A319F9338200AAD5CA /* ArticleCell.xib */,
			);
			name = Articles;
			sourceTree = "<group>";
		};
		BCD1BB321A7E79F7001FF7CE /* Feeds */ = {
			isa = PBXGroup;
			children = (
				BCE9485219F1D715002FC404 /* FeedCell.swift */,
				BCE9485819F1D9AD002FC404 /* FeedCell.xib */,
			);
			name = Feeds;
			sourceTree = "<group>";
		};
		BCD6591319DA4BEC00D6176A /* RSS */ = {
			isa = PBXGroup;
			children = (
				BC7B168E1A8FFFB000228EF1 /* Settings.swift */,
				BC59D0FF19E7862A008B6D30 /* Manager.swift */,
				BCC3478219CB4BEE0058823E /* FeedGroup.swift */,
				BCC3478019CB4A1D0058823E /* Feed.swift */,
				BCE6EDAB1A2D3A4100CA4C78 /* XMLParser.swift */,
				BCDE3C0119DA39700018B268 /* Article.swift */,
				BC59D0FD19E6FDD4008B6D30 /* ArticleCollection.swift */,
			);
			name = RSS;
			sourceTree = "<group>";
		};
		BCD6DC671A7EAD1000A2AC45 /* Groups */ = {
			isa = PBXGroup;
			children = (
				BCD6DC651A7EAB0900A2AC45 /* GroupCell.swift */,
				BCD6DC631A7EAAED00A2AC45 /* GroupCell.xib */,
			);
			name = Groups;
			sourceTree = "<group>";
		};
		BCD6DC681A7EAD1500A2AC45 /* Info */ = {
			isa = PBXGroup;
			children = (
				BCD1BB351A7E8D10001FF7CE /* InfoCell.swift */,
				BCD1BB361A7E8D10001FF7CE /* InfoCell.xib */,
			);
			name = Info;
			sourceTree = "<group>";
		};
/* End PBXGroup section */

/* Begin PBXNativeTarget section */
		BCC3475819CB48E10058823E /* FeedReader */ = {
			isa = PBXNativeTarget;
			buildConfigurationList = BCC3477A19CB48E10058823E /* Build configuration list for PBXNativeTarget "FeedReader" */;
			buildPhases = (
				BCC3475519CB48E10058823E /* Sources */,
				BCC3475619CB48E10058823E /* Frameworks */,
				BCC3475719CB48E10058823E /* Resources */,
			);
			buildRules = (
			);
			dependencies = (
			);
			name = FeedReader;
			productName = FeedReader;
			productReference = BCC3475919CB48E10058823E /* FeedReader.app */;
			productType = "com.apple.product-type.application";
		};
/* End PBXNativeTarget section */

/* Begin PBXProject section */
		BCC3475119CB48E10058823E /* Project object */ = {
			isa = PBXProject;
			attributes = {
				LastUpgradeCheck = 0610;
				ORGANIZATIONNAME = "Mitchell Cooper";
				TargetAttributes = {
					BCC3475819CB48E10058823E = {
						CreatedOnToolsVersion = 6.1;
						DevelopmentTeam = 3382TH9DVM;
						LastSwiftMigration = 0830;
						SystemCapabilities = {
							com.apple.BackgroundModes = {
								enabled = 1;
							};
						};
					};
				};
			};
			buildConfigurationList = BCC3475419CB48E10058823E /* Build configuration list for PBXProject "FeedReader" */;
			compatibilityVersion = "Xcode 3.2";
			developmentRegion = English;
			hasScannedForEncodings = 0;
			knownRegions = (
				en,
				Base,
			);
			mainGroup = BCC3475019CB48E10058823E;
			productRefGroup = BCC3475A19CB48E10058823E /* Products */;
			projectDirPath = "";
			projectRoot = "";
			targets = (
				BCC3475819CB48E10058823E /* FeedReader */,
			);
		};
/* End PBXProject section */

/* Begin PBXResourcesBuildPhase section */
		BCC3475719CB48E10058823E /* Resources */ = {
			isa = PBXResourcesBuildPhase;
			buildActionMask = 2147483647;
			files = (
				BCBE8D091A9B86A500CA9F60 /* licenses.txt in Resources */,
				BCD6DC6D1A7EBA1200A2AC45 /* icons in Resources */,
				BCB864A419F9338200AAD5CA /* ArticleCell.xib in Resources */,
				BC7B16911A90024F00228EF1 /* Settings.bundle in Resources */,
				BCD7304F1A9C124B00B03DCF /* appicon.png in Resources */,
				BCE9485919F1D9AD002FC404 /* FeedCell.xib in Resources */,
				BCBE8D0D1A9B8FB000CA9F60 /* LicenseViewerVC.xib in Resources */,
				BCD6DC641A7EAAED00A2AC45 /* GroupCell.xib in Resources */,
				BC8F9FA31A08120D004ACE42 /* ArticleWebVC.xib in Resources */,
				BCD1BB381A7E8D10001FF7CE /* InfoCell.xib in Resources */,
				BCC3476B19CB48E10058823E /* LaunchScreen.xib in Resources */,
				BCC3476819CB48E10058823E /* Images.xcassets in Resources */,
			);
			runOnlyForDeploymentPostprocessing = 0;
		};
/* End PBXResourcesBuildPhase section */

/* Begin PBXSourcesBuildPhase section */
		BCC3475519CB48E10058823E /* Sources */ = {
			isa = PBXSourcesBuildPhase;
			buildActionMask = 2147483647;
			files = (
				BC4056D41A9A927E0098EB74 /* WSLHTMLEntities.m in Sources */,
				BCA440511A7D492E00660BF0 /* Colors.swift in Sources */,
				BCBE8D0C1A9B8FB000CA9F60 /* LicenseViewerVC.swift in Sources */,
				BCC3478319CB4BEE0058823E /* FeedGroup.swift in Sources */,
				BC7B168F1A8FFFB000228EF1 /* Settings.swift in Sources */,
				BCC3478119CB4A1D0058823E /* Feed.swift in Sources */,
				BC4056CC1A99850E0098EB74 /* MasterSettingsVC.swift in Sources */,
				BC59D0FE19E6FDD4008B6D30 /* ArticleCollection.swift in Sources */,
				BCB864A619F9339A00AAD5CA /* ArticleCell.swift in Sources */,
				BCDE3C0219DA39700018B268 /* Article.swift in Sources */,
				BC4056D81A9A93310098EB74 /* WSLHTMLEntities.lm in Sources */,
				BCD6DC661A7EAB0900A2AC45 /* GroupCell.swift in Sources */,
				BC9B6BB019D1FAD400D0E0D2 /* FeedListVC.swift in Sources */,
				BCA627C519E4666A00273DC6 /* ArticleListVC.swift in Sources */,
				BC37F30B1A97CA120099AA52 /* GroupEditorVC.swift in Sources */,
				BC8F9FA21A08120D004ACE42 /* ArticleWebVC.swift in Sources */,
				BCCC9F141A2D441100283400 /* UIImageExtension.swift in Sources */,
				BC4056CF1A9990EE0098EB74 /* PSTAlertController.m in Sources */,
				BCE9485319F1D715002FC404 /* FeedCell.swift in Sources */,
				BCE6EDAC1A2D3A4100CA4C78 /* XMLParser.swift in Sources */,
				BC59D10019E7862A008B6D30 /* Manager.swift in Sources */,
				BC50262F19FA1C540002233A /* UIImage+WhiteImage.m in Sources */,
				BCFFE6621A2E387F000C362D /* FeedDefaultVC.swift in Sources */,
				BCB864A019F9328000AAD5CA /* DateExtension.swift in Sources */,
				BCC3475F19CB48E10058823E /* AppDelegate.swift in Sources */,
				BCA440531A7D9D2700660BF0 /* NavigationController.swift in Sources */,
				BCCC9F161A2D443400283400 /* StringExtension.swift in Sources */,
				BCD1BB371A7E8D10001FF7CE /* InfoCell.swift in Sources */,
			);
			runOnlyForDeploymentPostprocessing = 0;
		};
/* End PBXSourcesBuildPhase section */

/* Begin PBXVariantGroup section */
		BCC3476919CB48E10058823E /* LaunchScreen.xib */ = {
			isa = PBXVariantGroup;
			children = (
				BCC3476A19CB48E10058823E /* Base */,
			);
			name = LaunchScreen.xib;
			sourceTree = "<group>";
		};
/* End PBXVariantGroup section */

/* Begin XCBuildConfiguration section */
		BCC3477919CB48E10058823E /* Release */ = {
			isa = XCBuildConfiguration;
			buildSettings = {
				ALWAYS_SEARCH_USER_PATHS = NO;
				CLANG_CXX_LANGUAGE_STANDARD = "gnu++0x";
				CLANG_CXX_LIBRARY = "libc++";
				CLANG_ENABLE_MODULES = YES;
				CLANG_ENABLE_OBJC_ARC = YES;
				CLANG_WARN_BOOL_CONVERSION = YES;
				CLANG_WARN_CONSTANT_CONVERSION = YES;
				CLANG_WARN_DIRECT_OBJC_ISA_USAGE = YES_ERROR;
				CLANG_WARN_EMPTY_BODY = YES;
				CLANG_WARN_ENUM_CONVERSION = YES;
				CLANG_WARN_INT_CONVERSION = YES;
				CLANG_WARN_OBJC_ROOT_CLASS = YES_ERROR;
				CLANG_WARN_UNREACHABLE_CODE = YES;
				CLANG_WARN__DUPLICATE_METHOD_MATCH = YES;
				"CODE_SIGN_IDENTITY[sdk=iphoneos*]" = "iPhone Developer";
				COPY_PHASE_STRIP = YES;
				ENABLE_NS_ASSERTIONS = NO;
				ENABLE_STRICT_OBJC_MSGSEND = YES;
				GCC_C_LANGUAGE_STANDARD = gnu99;
				GCC_WARN_64_TO_32_BIT_CONVERSION = YES;
				GCC_WARN_ABOUT_RETURN_TYPE = YES_ERROR;
				GCC_WARN_UNDECLARED_SELECTOR = YES;
				GCC_WARN_UNINITIALIZED_AUTOS = YES_AGGRESSIVE;
				GCC_WARN_UNUSED_FUNCTION = YES;
				GCC_WARN_UNUSED_VARIABLE = YES;
				IPHONEOS_DEPLOYMENT_TARGET = 8.0;
				MTL_ENABLE_DEBUG_INFO = NO;
				SDKROOT = iphoneos;
				TARGETED_DEVICE_FAMILY = "1,2";
				VALIDATE_PRODUCT = YES;
			};
			name = Release;
		};
		BCC3477C19CB48E10058823E /* Release */ = {
			isa = XCBuildConfiguration;
			buildSettings = {
				ASSETCATALOG_COMPILER_APPICON_NAME = AppIcon;
				CLANG_ENABLE_MODULES = YES;
				INFOPLIST_FILE = FeedReader/Info.plist;
				IPHONEOS_DEPLOYMENT_TARGET = 7.0;
				LD_RUNPATH_SEARCH_PATHS = "$(inherited) @executable_path/Frameworks";
				PRODUCT_NAME = FeedReader;
				SWIFT_INSTALL_OBJC_HEADER = YES;
				SWIFT_OBJC_BRIDGING_HEADER = "FeedReader/FeedReader-Bridging-Header.h";
				SWIFT_VERSION = 3.0;
				VALID_ARCHS = "armv7 armv7s arm64";
			};
			name = Release;
		};
/* End XCBuildConfiguration section */

/* Begin XCConfigurationList section */
		BCC3475419CB48E10058823E /* Build configuration list for PBXProject "FeedReader" */ = {
			isa = XCConfigurationList;
			buildConfigurations = (
				BCC3477919CB48E10058823E /* Release */,
			);
			defaultConfigurationIsVisible = 0;
			defaultConfigurationName = Release;
		};
		BCC3477A19CB48E10058823E /* Build configuration list for PBXNativeTarget "FeedReader" */ = {
			isa = XCConfigurationList;
			buildConfigurations = (
				BCC3477C19CB48E10058823E /* Release */,
			);
			defaultConfigurationIsVisible = 0;
			defaultConfigurationName = Release;
		};
/* End XCConfigurationList section */
	};
	rootObject = BCC3475119CB48E10058823E /* Project object */;
}
